
Microsoft Visual Studio Solution File, Format Version 12.00
# Visual Studio Version 17
VisualStudioVersion = 17.10.34928.147
MinimumVisualStudioVersion = 10.0.40219.1
Project("{FAE04EC0-301F-11D3-BF4B-00C04F79EFBC}") = "BookRentalManagementSystem_V2", "BookRentalManagementSystem_V2\BookRentalManagementSystem_V2.csproj", "{06AE4909-DB06-4745-9A79-48D7E6057CB9}"
EndProject
Global
	GlobalSection(SolutionConfigurationPlatforms) = preSolution
		Debug|Any CPU = Debug|Any CPU
		Release|Any CPU = Release|Any CPU
	EndGlobalSection
	GlobalSection(ProjectConfigurationPlatforms) = postSolution
		{06AE4909-DB06-4745-9A79-48D7E6057CB9}.Debug|Any CPU.ActiveCfg = Debug|Any CPU
		{06AE4909-DB06-4745-9A79-48D7E6057CB9}.Debug|Any CPU.Build.0 = Debug|Any CPU
		{06AE4909-DB06-4745-9A79-48D7E6057CB9}.Release|Any CPU.ActiveCfg = Release|Any CPU
		{06AE4909-DB06-4745-9A79-48D7E6057CB9}.Release|Any CPU.Build.0 = Release|Any CPU
	EndGlobalSection
	GlobalSection(SolutionProperties) = preSolution
		HideSolutionNode = FALSE
	EndGlobalSection
	GlobalSection(ExtensibilityGlobals) = postSolution
		SolutionGuid = {C9D5AA7D-F171-428B-8D1C-21F39D12EA5B}
	EndGlobalSection
EndGlobal
